<?xml version="1.0" encoding="utf-8"?>
<Project ToolsVersion="4.0" xmlns="http://schemas.microsoft.com/developer/msbuild/2003">
  <ItemGroup>
    <ClCompile Include="Alien.cpp" />
    <ClCompile Include="AnimationManager.cpp" />
    <ClCompile Include="Boss.cpp" />
    <ClCompile Include="CameraManager.cpp" />
    <ClCompile Include="Cannon.cpp" />
    <ClCompile Include="CannonBall.cpp" />
    <ClCompile Include="CollisionManager.cpp" />
    <ClCompile Include="Crew.cpp" />
    <ClCompile Include="CrowsNest.cpp" />
    <ClCompile Include="DavyJones.cpp" />
    <ClCompile Include="DreadRoberto.cpp" />
    <ClCompile Include="EnemyCrew.cpp" />
    <ClCompile Include="Game.cpp" />
    <ClCompile Include="GoldChest.cpp" />
    <ClCompile Include="GoldIndicator.cpp" />
    <ClCompile Include="Grapple.cpp" />
    <ClCompile Include="GUIManager.cpp" />
    <ClCompile Include="HatMenu.cpp" />
    <ClCompile Include="Helm.cpp" />
    <ClCompile Include="HUDElement.cpp" />
    <ClCompile Include="Hydra.cpp" />
    <ClCompile Include="Island.cpp" />
    <ClCompile Include="Jellyfish.cpp" />
    <ClCompile Include="Job.cpp" />
    <ClCompile Include="Entity.cpp" />
    <ClCompile Include="KeyManager.cpp" />
    <ClCompile Include="main.cpp" />
    <ClCompile Include="Menu.cpp" />
    <ClCompile Include="Minimap.cpp" />
    <ClCompile Include="MobileStation.cpp" />
    <ClCompile Include="NotorietyIndicator.cpp" />
    <ClCompile Include="ObjectManager.cpp" />
    <ClCompile Include="Octopus.cpp" />
    <ClCompile Include="PirateCove.cpp" />
    <ClCompile Include="Projectile.cpp" />
    <ClCompile Include="SceneManager.cpp" />
    <ClCompile Include="SeaCreature.cpp" />
    <ClCompile Include="Ship.cpp" />
    <ClCompile Include="ShipIndicator.cpp" />
    <ClCompile Include="SoundManager.cpp" />
    <ClCompile Include="Squid.cpp" />
    <ClCompile Include="Station.cpp" />
    <ClCompile Include="Texture.cpp" />
    <ClCompile Include="TextureManager.cpp" />
    <ClCompile Include="Turtle.cpp" />
    <ClCompile Include="Unit.cpp" />
    <ClCompile Include="UnitCommandIndicator.cpp" />
    <ClCompile Include="Vector2f.cpp" />
    <ClCompile Include="Vector3f.cpp" />
    <ClCompile Include="VillageIsland.cpp" />
    <ClCompile Include="Villager.cpp" />
    <ClCompile Include="Whale.cpp" />
    <ClCompile Include="Sound.cpp" />
    <ClCompile Include="ObjectFactory.cpp" />
    <ClCompile Include="Serpent.cpp" />
    <ClCompile Include="Shop.cpp" />
    <ClCompile Include="DeathsBank.cpp" />
    <ClCompile Include="Player.cpp" />
  </ItemGroup>
  <ItemGroup>
    <ClInclude Include="Alien.h" />
    <ClInclude Include="AnimationManager.h" />
    <ClInclude Include="Boss.h" />
    <ClInclude Include="CameraManager.h" />
    <ClInclude Include="Cannon.h" />
    <ClInclude Include="CannonBall.h" />
    <ClInclude Include="CollisionManager.h" />
    <ClInclude Include="Crew.h" />
    <ClInclude Include="CrowsNest.h" />
    <ClInclude Include="DavyJones.h" />
    <ClInclude Include="DreadRoberto.h" />
    <ClInclude Include="EnemyCrew.h" />
    <ClInclude Include="Game.h" />
    <ClInclude Include="GoldChest.h" />
    <ClInclude Include="GoldIndicator.h" />
    <ClInclude Include="Grapple.h" />
    <ClInclude Include="GUIManager.h" />
    <ClInclude Include="HatMenu.h" />
    <ClInclude Include="Helm.h" />
    <ClInclude Include="HUDElement.h" />
    <ClInclude Include="Hydra.h" />
    <ClInclude Include="Island.h" />
    <ClInclude Include="Jellyfish.h" />
    <ClInclude Include="Job.h" />
    <ClInclude Include="Entity.h" />
    <ClInclude Include="KeyManager.h" />
    <ClInclude Include="Menu.h" />
    <ClInclude Include="Minimap.h" />
    <ClInclude Include="MobileStation.h" />
    <ClInclude Include="NotorietyIndicator.h" />
    <ClInclude Include="ObjectManager.h" />
    <ClInclude Include="Octopus.h" />
    <ClInclude Include="PirateCove.h" />
    <ClInclude Include="Projectile.h" />
    <ClInclude Include="SceneManager.h" />
    <ClInclude Include="SeaCreature.h" />
    <ClInclude Include="Ship.h" />
    <ClInclude Include="ShipIndicator.h" />
    <ClInclude Include="SoundManager.h" />
    <ClInclude Include="Squid.h" />
    <ClInclude Include="Station.h" />
    <ClInclude Include="Texture.h" />
    <ClInclude Include="TextureManager.h" />
    <ClInclude Include="Turtle.h" />
    <ClInclude Include="Unit.h" />
    <ClInclude Include="UnitCommandIndicator.h" />
    <ClInclude Include="Vector2f.h" />
    <ClInclude Include="Vector3f.h" />
    <ClInclude Include="VillageIsland.h" />
    <ClInclude Include="Villager.h" />
    <ClInclude Include="Whale.h" />
    <ClInclude Include="Sound.h" />
    <ClInclude Include="ObjectFactory.h" />
    <ClInclude Include="Serpent.h" />
    <ClInclude Include="Shop.h" />
    <ClInclude Include="DeathsBank.h" />
    <ClInclude Include="Player.h" />
  </ItemGroup>
  <ItemGroup>
    <Xml Include="input.xml" />
    <Xml Include="output.xml" />
  </ItemGroup>
  <ItemGroup>
    <Image Include="images\Arrow.png" />
    <Image Include="images\BACKGROUND.png" />
    <Image Include="images\backgrounds\BACKGROUND.png" />
    <Image Include="images\backgrounds\Death-screen.png" />
    <Image Include="images\backgrounds\main-menu-background.png" />
    <Image Include="images\boats\cannon-ball.png" />
    <Image Include="images\boats\canon.png" />
    <Image Include="images\boats\canonTop.png" />
    <Image Include="images\boats\CROSSHAIR128X64.png" />
    <Image Include="images\boats\fishingboatdudeless.PNG" />
    <Image Include="images\boats\Grapple.png" />
    <Image Include="images\boats\helm1.png" />
    <Image Include="images\boats\helm2.png" />
    <Image Include="images\boats\Navy-Sails1.png" />
    <Image Include="images\boats\Navy-Sails2.png" />
    <Image Include="images\boats\sail1.png" />
    <Image Include="images\boats\sail2.png" />
    <Image Include="images\boats\SHIPMR2.png" />
    <Image Include="images\boats\Shipsink1.png" />
    <Image Include="images\boats\Shipsink2.png" />
    <Image Include="images\boats\Shipsink3.png" />
    <Image Include="images\boats\Shipsink4.png" />
    <Image Include="images\boats\Shipsink5.png" />
    <Image Include="images\bossBoats\bossship_630x240.png" />
    <Image Include="images\bossBoats\bossship_Bsail_45x405.png" />
    <Image Include="images\bossBoats\bossship_Fsail_25x275.png" />
    <Image Include="images\bossBoats\bossship_helm_50x35.png" />
    <Image Include="images\bossBoats\DEATHSHIPSAIL1.png" />
    <Image Include="images\bossBoats\DEATHSHIPSAIL2.png" />
    <Image Include="images\bossBoats\DreadRobMR2.png" />
    <Image Include="images\bossBoats\Dreadsail1MR2.png" />
    <Image Include="images\bossBoats\Dreadsail2MR2.png" />
    <Image Include="images\bossBoats\helm1mr2.png" />
    <Image Include="images\bossBoats\kingneptunes whale_520x180.png" />
    <Image Include="images\bossBoats\Ship2sink1.png" />
    <Image Include="images\bossBoats\Ship2sink2.png" />
    <Image Include="images\bossBoats\Ship2sink3.png" />
    <Image Include="images\bossBoats\Ship2sink4.png" />
    <Image Include="images\bossBoats\Ship2sink5.png" />
    <Image Include="images\bossBoats\spaceship_180x180.png" />
    <Image Include="images\bosses\alien_32x32.png" />
    <Image Include="images\bosses\Davy-Jones.png" />
    <Image Include="images\bosses\Death.png" />
    <Image Include="images\bosses\dread-pirate-roberto.png" />
    <Image Include="images\bosses\kingneptune_32x32.png" />
    <Image Include="images\bosses\kraken\tentacles10_20x50.png" />
    <Image Include="images\bosses\kraken\tentacles11_20x50.png" />
    <Image Include="images\bosses\kraken\tentacles6_50x42.png" />
    <Image Include="images\bosses\kraken\tentacles7_20x50.png" />
    <Image Include="images\bosses\kraken\tentacles8_20x50.png" />
    <Image Include="images\bosses\kraken\tentacles9_20x50.png" />
    <Image Include="images\bosses\mobydick_520x180.png" />
    <Image Include="images\bossUnits\ghost-sailor.png" />
    <Image Include="images\canon.png" />
    <Image Include="images\canonTop.png" />
    <Image Include="images\chest-closed.png" />
    <Image Include="images\chest-open.png" />
    <Image Include="images\circle.png" />
    <Image Include="images\DreadRob-Hull.png" />
    <Image Include="images\FOG-EFFECT.png" />
    <Image Include="images\GOLD.png" />
    <Image Include="images\goldchest.png" />
    <Image Include="images\GUI\blank.png" />
    <Image Include="images\GUI\BUY_BUTTON.png" />
    <Image Include="images\GUI\HUD_gold_indicator.png" />
    <Image Include="images\GUI\HUD_minimap.png" />
    <Image Include="images\GUI\HUD_ship_indicator.png" />
    <Image Include="images\GUI\HUD_ship_indicator2.png" />
    <Image Include="images\GUI\Hud_unit_indicator.png" />
    <Image Include="images\GUI\leftt_arrow.png" />
    <Image Include="images\GUI\menubutton.png" />
    <Image Include="images\GUI\MenuMoff.png" />
    <Image Include="images\GUI\MenuMon.png" />
    <Image Include="images\GUI\minimap.png" />
    <Image Include="images\GUI\plus_button.png" />
    <Image Include="images\GUI\right_arrow.png" />
    <Image Include="images\GUI\screen_buy_ship.png" />
    <Image Include="images\GUI\screen_ship_upgrades.png" />
    <Image Include="images\GUI\screen_unit_upgrades.png" />
    <Image Include="images\GUI\skull.png" />
    <Image Include="images\GUI\skull1.png" />
    <Image Include="images\GUI\skull2.png" />
    <Image Include="images\GUI\skull3.png" />
    <Image Include="images\hats\navy\hat1.png" />
    <Image Include="images\hats\navy\hat2.png" />
    <Image Include="images\hats\navy\hat3.png" />
    <Image Include="images\hats\navy\hat4.png" />
    <Image Include="images\hats\navy\hat5.png" />
    <Image Include="images\hats\navy\hat6.png" />
    <Image Include="images\hats\pirate\hat1.png" />
    <Image Include="images\hats\pirate\hat2.png" />
    <Image Include="images\hats\pirate\hat3.png" />
    <Image Include="images\hats\pirate\hat4.png" />
    <Image Include="images\hats\pirate\hat5.png" />
    <Image Include="images\hats\pirate\hat6.png" />
    <Image Include="images\helm1.png" />
    <Image Include="images\HUD_arrow_pointer.png" />
    <Image Include="images\island.png" />
    <Image Include="images\islands\bank.png" />
    <Image Include="images\islands\emptyIsland.png" />
    <Image Include="images\islands\pit.png" />
    <Image Include="images\islands\rocky.png" />
    <Image Include="images\islands\shipyard.png" />
    <Image Include="images\islands\turtlehead_115x140.png" />
    <Image Include="images\islands\turtleshellisland_415x512.png" />
    <Image Include="images\islands\turtle_BL_leg_145x150.png" />
    <Image Include="images\islands\turtle_BR_leg_145x150.png" />
    <Image Include="images\islands\turtle_FL_leg_90x165.png" />
    <Image Include="images\islands\turtle_FR_leg_90x165.png" />
    <Image Include="images\islands\village.png" />
    <Image Include="images\islands\village2.png" />
    <Image Include="images\islands\volcano.png" />
    <Image Include="images\misc\chest-closed.png" />
    <Image Include="images\misc\chest-open.png" />
    <Image Include="images\misc\circle.png" />
    <Image Include="images\misc\fishingboatwithdude.PNG" />
    <Image Include="images\misc\FOG-EFFECT.png" />
    <Image Include="images\misc\GOLD.png" />
    <Image Include="images\misc\sword.png" />
    <Image Include="images\misc\tree.png" />
    <Image Include="images\misc\Wake_128X128.png" />
    <Image Include="images\person.png" />
    <Image Include="images\person2.png" />
    <Image Include="images\pirateHats\Pirateadmiralhat.png" />
    <Image Include="images\pirateHats\Piratecaptainhat.png" />
    <Image Include="images\pirateHats\Piratechiefpettyofficerhat.png" />
    <Image Include="images\pirateHats\Piratelieutenanthat.png" />
    <Image Include="images\pirateHats\Piratepettyofficerhat.png" />
    <Image Include="images\pirateHats\Pirateseamanhat.png" />
    <Image Include="images\pirateIsland.png" />
    <Image Include="images\pirate crew.png" />
    <Image Include="images\Sailback1.png" />
    <Image Include="images\Sailback2RED.png" />
    <Image Include="images\SailFront1.png" />
    <Image Include="images\SailFront2RED.png" />
    <Image Include="images\seaCreatures\hydra_256x130.png" />
    <Image Include="images\seaCreatures\hydra_256x240.png" />
    <Image Include="images\seaCreatures\jellyfish_105x128.png" />
    <Image Include="images\seaCreatures\octopus_170x128.png" />
    <Image Include="images\seaCreatures\octopus_200x128.png" />
    <Image Include="images\seaCreatures\octopus_256x162.png" />
    <Image Include="images\seaCreatures\squid_256x128.png" />
    <Image Include="images\seaCreatures\whale_256x195.png" />
    <Image Include="images\ship.png" />
    <Image Include="images\ShipHull.png" />
    <Image Include="images\skeleton.png" />
    <Image Include="images\skeleton2.png" />
    <Image Include="images\skeletonFULLSIZE.png" />
    <Image Include="images\sword.png" />
    <Image Include="images\units\Merchant.png" />
    <Image Include="images\units\navysailor.png" />
    <Image Include="images\units\PirateMR2.png" />
    <Image Include="images\units\SkeletonMk2.png" />
    <Image Include="images\units\VillagerMr2.png" />
    <Image Include="images\units\VILLAGERS.png" />
    <Image Include="images\Untitled-23.png" />
    <Image Include="images\villageIsland.png" />
    <Image Include="images\VILLAGERS.png" />
    <Image Include="images\backgrounds\water1.png" />
    <Image Include="images\backgrounds\water2.png" />
    <Image Include="images\backgrounds\water3.png" />
    <Image Include="images\GUI\deposit.png" />
    <Image Include="images\GUI\Withdraw.png" />
    <Image Include="images\GUI\DeathsBankGUI.png" />
  </ItemGroup>
  <ItemGroup>
    <Font Include="images\fonts\Tahoma.ttf" />
  </ItemGroup>
  <ItemGroup>
    <Text Include="images\pirateHats\all images are 32X32.txt" />
  </ItemGroup>
</Project>